
Microsoft Visual Studio Solution File, Format Version 12.00
# Visual Studio Version 16
VisualStudioVersion = 16.0.30114.105
MinimumVisualStudioVersion = 10.0.40219.1
Project("{FAE04EC0-301F-11D3-BF4B-00C04F79EFBC}") = "foodtracker-api", "foodtracker-api\foodtracker-api.csproj", "{2D57F2C0-AD95-4F41-A56B-2DED32ED840D}"
EndProject
Project("{FAE04EC0-301F-11D3-BF4B-00C04F79EFBC}") = "foodtracker-db", "foodtracker-db\foodtracker-db.csproj", "{791C33B9-5FB8-4FB9-8673-8536EFD0DFD1}"
EndProject
Global
	GlobalSection(SolutionConfigurationPlatforms) = preSolution
		Debug|Any CPU = Debug|Any CPU
		Debug|x64 = Debug|x64
		Debug|x86 = Debug|x86
		Release|Any CPU = Release|Any CPU
		Release|x64 = Release|x64
		Release|x86 = Release|x86
	EndGlobalSection
	GlobalSection(SolutionProperties) = preSolution
		HideSolutionNode = FALSE
	EndGlobalSection
	GlobalSection(ProjectConfigurationPlatforms) = postSolution
		{2D57F2C0-AD95-4F41-A56B-2DED32ED840D}.Debug|Any CPU.ActiveCfg = Debug|Any CPU
		{2D57F2C0-AD95-4F41-A56B-2DED32ED840D}.Debug|Any CPU.Build.0 = Debug|Any CPU
		{2D57F2C0-AD95-4F41-A56B-2DED32ED840D}.Debug|x64.ActiveCfg = Debug|Any CPU
		{2D57F2C0-AD95-4F41-A56B-2DED32ED840D}.Debug|x64.Build.0 = Debug|Any CPU
		{2D57F2C0-AD95-4F41-A56B-2DED32ED840D}.Debug|x86.ActiveCfg = Debug|Any CPU
		{2D57F2C0-AD95-4F41-A56B-2DED32ED840D}.Debug|x86.Build.0 = Debug|Any CPU
		{2D57F2C0-AD95-4F41-A56B-2DED32ED840D}.Release|Any CPU.ActiveCfg = Release|Any CPU
		{2D57F2C0-AD95-4F41-A56B-2DED32ED840D}.Release|Any CPU.Build.0 = Release|Any CPU
		{2D57F2C0-AD95-4F41-A56B-2DED32ED840D}.Release|x64.ActiveCfg = Release|Any CPU
		{2D57F2C0-AD95-4F41-A56B-2DED32ED840D}.Release|x64.Build.0 = Release|Any CPU
		{2D57F2C0-AD95-4F41-A56B-2DED32ED840D}.Release|x86.ActiveCfg = Release|Any CPU
		{2D57F2C0-AD95-4F41-A56B-2DED32ED840D}.Release|x86.Build.0 = Release|Any CPU
		{791C33B9-5FB8-4FB9-8673-8536EFD0DFD1}.Debug|Any CPU.ActiveCfg = Debug|Any CPU
		{791C33B9-5FB8-4FB9-8673-8536EFD0DFD1}.Debug|Any CPU.Build.0 = Debug|Any CPU
		{791C33B9-5FB8-4FB9-8673-8536EFD0DFD1}.Debug|x64.ActiveCfg = Debug|Any CPU
		{791C33B9-5FB8-4FB9-8673-8536EFD0DFD1}.Debug|x64.Build.0 = Debug|Any CPU
		{791C33B9-5FB8-4FB9-8673-8536EFD0DFD1}.Debug|x86.ActiveCfg = Debug|Any CPU
		{791C33B9-5FB8-4FB9-8673-8536EFD0DFD1}.Debug|x86.Build.0 = Debug|Any CPU
		{791C33B9-5FB8-4FB9-8673-8536EFD0DFD1}.Release|Any CPU.ActiveCfg = Release|Any CPU
		{791C33B9-5FB8-4FB9-8673-8536EFD0DFD1}.Release|Any CPU.Build.0 = Release|Any CPU
		{791C33B9-5FB8-4FB9-8673-8536EFD0DFD1}.Release|x64.ActiveCfg = Release|Any CPU
		{791C33B9-5FB8-4FB9-8673-8536EFD0DFD1}.Release|x64.Build.0 = Release|Any CPU
		{791C33B9-5FB8-4FB9-8673-8536EFD0DFD1}.Release|x86.ActiveCfg = Release|Any CPU
		{791C33B9-5FB8-4FB9-8673-8536EFD0DFD1}.Release|x86.Build.0 = Release|Any CPU
	EndGlobalSection
EndGlobal
